
Microsoft Visual Studio Solution File, Format Version 12.00
# Visual Studio Version 17
VisualStudioVersion = 17.14.36310.24 d17.14
MinimumVisualStudioVersion = 10.0.40219.1
Project("{8BC9CEB8-8B4A-11D0-8D11-00A0C91BC942}") = "Project-2-Queue", "Project-2-Queue.vcxproj", "{ADF372E5-8F89-492F-B763-89555BF72B3C}"
EndProject
Global
	GlobalSection(SolutionConfigurationPlatforms) = preSolution
		Debug|x64 = Debug|x64
		Debug|x86 = Debug|x86
		Release|x64 = Release|x64
		Release|x86 = Release|x86
	EndGlobalSection
	GlobalSection(ProjectConfigurationPlatforms) = postSolution
		{ADF372E5-8F89-492F-B763-89555BF72B3C}.Debug|x64.ActiveCfg = Debug|x64
		{ADF372E5-8F89-492F-B763-89555BF72B3C}.Debug|x64.Build.0 = Debug|x64
		{ADF372E5-8F89-492F-B763-89555BF72B3C}.Debug|x86.ActiveCfg = Debug|Win32
		{ADF372E5-8F89-492F-B763-89555BF72B3C}.Debug|x86.Build.0 = Debug|Win32
		{ADF372E5-8F89-492F-B763-89555BF72B3C}.Release|x64.ActiveCfg = Release|x64
		{ADF372E5-8F89-492F-B763-89555BF72B3C}.Release|x64.Build.0 = Release|x64
		{ADF372E5-8F89-492F-B763-89555BF72B3C}.Release|x86.ActiveCfg = Release|Win32
		{ADF372E5-8F89-492F-B763-89555BF72B3C}.Release|x86.Build.0 = Release|Win32
	EndGlobalSection
	GlobalSection(SolutionProperties) = preSolution
		HideSolutionNode = FALSE
	EndGlobalSection
	GlobalSection(ExtensibilityGlobals) = postSolution
		SolutionGuid = {3C8A267F-0DAC-4812-8893-F6AD93C54358}
	EndGlobalSection
EndGlobal
