
Microsoft Visual Studio Solution File, Format Version 12.00
# Visual Studio Version 17
VisualStudioVersion = 17.14.36310.24 d17.14
MinimumVisualStudioVersion = 10.0.40219.1
Project("{8BC9CEB8-8B4A-11D0-8D11-00A0C91BC942}") = "Problem-38", "Problem-38.vcxproj", "{96CA1EF2-4286-4DA3-998C-2B0C50FB8557}"
EndProject
Global
	GlobalSection(SolutionConfigurationPlatforms) = preSolution
		Debug|x64 = Debug|x64
		Debug|x86 = Debug|x86
		Release|x64 = Release|x64
		Release|x86 = Release|x86
	EndGlobalSection
	GlobalSection(ProjectConfigurationPlatforms) = postSolution
		{96CA1EF2-4286-4DA3-998C-2B0C50FB8557}.Debug|x64.ActiveCfg = Debug|x64
		{96CA1EF2-4286-4DA3-998C-2B0C50FB8557}.Debug|x64.Build.0 = Debug|x64
		{96CA1EF2-4286-4DA3-998C-2B0C50FB8557}.Debug|x86.ActiveCfg = Debug|Win32
		{96CA1EF2-4286-4DA3-998C-2B0C50FB8557}.Debug|x86.Build.0 = Debug|Win32
		{96CA1EF2-4286-4DA3-998C-2B0C50FB8557}.Release|x64.ActiveCfg = Release|x64
		{96CA1EF2-4286-4DA3-998C-2B0C50FB8557}.Release|x64.Build.0 = Release|x64
		{96CA1EF2-4286-4DA3-998C-2B0C50FB8557}.Release|x86.ActiveCfg = Release|Win32
		{96CA1EF2-4286-4DA3-998C-2B0C50FB8557}.Release|x86.Build.0 = Release|Win32
	EndGlobalSection
	GlobalSection(SolutionProperties) = preSolution
		HideSolutionNode = FALSE
	EndGlobalSection
	GlobalSection(ExtensibilityGlobals) = postSolution
		SolutionGuid = {98D9C37A-0D02-4DE0-883D-A892B2CEEF13}
	EndGlobalSection
EndGlobal
