
Microsoft Visual Studio Solution File, Format Version 12.00
# Visual Studio Version 17
VisualStudioVersion = 17.13.35818.85 d17.13
MinimumVisualStudioVersion = 10.0.40219.1
Project("{8BC9CEB8-8B4A-11D0-8D11-00A0C91BC942}") = "Problem-4", "Problem-4.vcxproj", "{3B126BC7-8381-428C-81C3-FE9E26F9EFED}"
EndProject
Global
	GlobalSection(SolutionConfigurationPlatforms) = preSolution
		Debug|x64 = Debug|x64
		Debug|x86 = Debug|x86
		Release|x64 = Release|x64
		Release|x86 = Release|x86
	EndGlobalSection
	GlobalSection(ProjectConfigurationPlatforms) = postSolution
		{3B126BC7-8381-428C-81C3-FE9E26F9EFED}.Debug|x64.ActiveCfg = Debug|x64
		{3B126BC7-8381-428C-81C3-FE9E26F9EFED}.Debug|x64.Build.0 = Debug|x64
		{3B126BC7-8381-428C-81C3-FE9E26F9EFED}.Debug|x86.ActiveCfg = Debug|Win32
		{3B126BC7-8381-428C-81C3-FE9E26F9EFED}.Debug|x86.Build.0 = Debug|Win32
		{3B126BC7-8381-428C-81C3-FE9E26F9EFED}.Release|x64.ActiveCfg = Release|x64
		{3B126BC7-8381-428C-81C3-FE9E26F9EFED}.Release|x64.Build.0 = Release|x64
		{3B126BC7-8381-428C-81C3-FE9E26F9EFED}.Release|x86.ActiveCfg = Release|Win32
		{3B126BC7-8381-428C-81C3-FE9E26F9EFED}.Release|x86.Build.0 = Release|Win32
	EndGlobalSection
	GlobalSection(SolutionProperties) = preSolution
		HideSolutionNode = FALSE
	EndGlobalSection
	GlobalSection(ExtensibilityGlobals) = postSolution
		SolutionGuid = {E233D174-8CCB-4905-89E3-B6C38C6AA905}
	EndGlobalSection
EndGlobal
