
Microsoft Visual Studio Solution File, Format Version 12.00
# Visual Studio Version 17
VisualStudioVersion = 17.14.36310.24 d17.14
MinimumVisualStudioVersion = 10.0.40219.1
Project("{8BC9CEB8-8B4A-11D0-8D11-00A0C91BC942}") = "Problem-49", "Problem-49.vcxproj", "{DC2DB33F-E28D-4405-9231-EF30BCBAF1DB}"
EndProject
Global
	GlobalSection(SolutionConfigurationPlatforms) = preSolution
		Debug|x64 = Debug|x64
		Debug|x86 = Debug|x86
		Release|x64 = Release|x64
		Release|x86 = Release|x86
	EndGlobalSection
	GlobalSection(ProjectConfigurationPlatforms) = postSolution
		{DC2DB33F-E28D-4405-9231-EF30BCBAF1DB}.Debug|x64.ActiveCfg = Debug|x64
		{DC2DB33F-E28D-4405-9231-EF30BCBAF1DB}.Debug|x64.Build.0 = Debug|x64
		{DC2DB33F-E28D-4405-9231-EF30BCBAF1DB}.Debug|x86.ActiveCfg = Debug|Win32
		{DC2DB33F-E28D-4405-9231-EF30BCBAF1DB}.Debug|x86.Build.0 = Debug|Win32
		{DC2DB33F-E28D-4405-9231-EF30BCBAF1DB}.Release|x64.ActiveCfg = Release|x64
		{DC2DB33F-E28D-4405-9231-EF30BCBAF1DB}.Release|x64.Build.0 = Release|x64
		{DC2DB33F-E28D-4405-9231-EF30BCBAF1DB}.Release|x86.ActiveCfg = Release|Win32
		{DC2DB33F-E28D-4405-9231-EF30BCBAF1DB}.Release|x86.Build.0 = Release|Win32
	EndGlobalSection
	GlobalSection(SolutionProperties) = preSolution
		HideSolutionNode = FALSE
	EndGlobalSection
	GlobalSection(ExtensibilityGlobals) = postSolution
		SolutionGuid = {44A01F69-61E8-4A50-9711-A253EAE8570D}
	EndGlobalSection
EndGlobal
